// !$*UTF8*$!
{
	archiveVersion = 1;
	classes = {
	};
	objectVersion = 46;
	objects = {

/* Begin PBXBuildFile section */
		1D16EDE41CFB3ADB0005034D /* Vector2dTemplate.cpp in Sources */ = {isa = PBXBuildFile; fileRef = 1D16EDE21CFB3ADB0005034D /* Vector2dTemplate.cpp */; };
		1D16EDE71CFB50AE0005034D /* Vector2d.cpp in Sources */ = {isa = PBXBuildFile; fileRef = 1D16EDE51CFB50AE0005034D /* Vector2d.cpp */; };
		1D16EDEA1CFB5E070005034D /* VectorInt2d.cpp in Sources */ = {isa = PBXBuildFile; fileRef = 1D16EDE81CFB5E070005034D /* VectorInt2d.cpp */; };
		1D16EDF21CFC99240005034D /* Vector3dTemplate.cpp in Sources */ = {isa = PBXBuildFile; fileRef = 1D16EDF01CFC99240005034D /* Vector3dTemplate.cpp */; };
		1D16EDF51CFCA7130005034D /* Vector3d.cpp in Sources */ = {isa = PBXBuildFile; fileRef = 1D16EDF31CFCA7130005034D /* Vector3d.cpp */; };
		1D16EDF81CFCAABE0005034D /* VectorInt3d.cpp in Sources */ = {isa = PBXBuildFile; fileRef = 1D16EDF61CFCAABE0005034D /* VectorInt3d.cpp */; };
		1D16EDFB1CFCAB890005034D /* Board.cpp in Sources */ = {isa = PBXBuildFile; fileRef = 1D16EDF91CFCAB890005034D /* Board.cpp */; };
		1D16EDFE1CFCABA00005034D /* IBoardLayout.cpp in Sources */ = {isa = PBXBuildFile; fileRef = 1D16EDFC1CFCABA00005034D /* IBoardLayout.cpp */; };
		1D16EE051CFCFA790005034D /* CollisionLayer.cpp in Sources */ = {isa = PBXBuildFile; fileRef = 1D16EE031CFCFA790005034D /* CollisionLayer.cpp */; };
		1D16EE081CFE3DB20005034D /* RouteSet.cpp in Sources */ = {isa = PBXBuildFile; fileRef = 1D16EE061CFE3DB20005034D /* RouteSet.cpp */; };
		1D16EE101CFE7CAD0005034D /* IPlayer.cpp in Sources */ = {isa = PBXBuildFile; fileRef = 1D16EE0E1CFE7CAD0005034D /* IPlayer.cpp */; };
		1D16EE1E1CFE88000005034D /* StringHash.cpp in Sources */ = {isa = PBXBuildFile; fileRef = 1D16EE1B1CFE88000005034D /* StringHash.cpp */; };
		1D16EE221CFFD9060005034D /* Match.cpp in Sources */ = {isa = PBXBuildFile; fileRef = 1D16EE201CFFD9060005034D /* Match.cpp */; };
		1D16EE251CFFEF9B0005034D /* MatchContext.cpp in Sources */ = {isa = PBXBuildFile; fileRef = 1D16EE231CFFEF9B0005034D /* MatchContext.cpp */; };
		1D16EE2F1D012B8B0005034D /* UserInfo.cpp in Sources */ = {isa = PBXBuildFile; fileRef = 1D16EE2D1D012B8B0005034D /* UserInfo.cpp */; };
		1D16EE321D013DEA0005034D /* Messaging.cpp in Sources */ = {isa = PBXBuildFile; fileRef = 1D16EE301D013DEA0005034D /* Messaging.cpp */; };
		1D16EE3B1D0278770005034D /* Operations.cpp in Sources */ = {isa = PBXBuildFile; fileRef = 1D16EE391D0278770005034D /* Operations.cpp */; };
		1D16EE3F1D02839E0005034D /* TestMatch.cpp in Sources */ = {isa = PBXBuildFile; fileRef = 1D16EE3D1D02839E0005034D /* TestMatch.cpp */; };
		1D3A5E261CFA114E006CB2FB /* main.cpp in Sources */ = {isa = PBXBuildFile; fileRef = 1D3A5E251CFA114E006CB2FB /* main.cpp */; };
		1D3A5E311CFA1350006CB2FB /* IBoard.cpp in Sources */ = {isa = PBXBuildFile; fileRef = 1D3A5E2F1CFA1350006CB2FB /* IBoard.cpp */; };
		1D3A5E341CFA156F006CB2FB /* IPiece.cpp in Sources */ = {isa = PBXBuildFile; fileRef = 1D3A5E321CFA156F006CB2FB /* IPiece.cpp */; };
		1DB2106A1D036BC80092E721 /* IPhaseRules.cpp in Sources */ = {isa = PBXBuildFile; fileRef = 1DB210681D036BC80092E721 /* IPhaseRules.cpp */; };
		1DB2106D1D049CC20092E721 /* PhaseRulesByFunctionPointers.cpp in Sources */ = {isa = PBXBuildFile; fileRef = 1DB2106B1D049CC20092E721 /* PhaseRulesByFunctionPointers.cpp */; };
		1DB210791D04AB790092E721 /* MatchConditionBuilder.cpp in Sources */ = {isa = PBXBuildFile; fileRef = 1DB210771D04AB790092E721 /* MatchConditionBuilder.cpp */; };
		1DB2107C1D04ADE80092E721 /* IMatchCondition.cpp in Sources */ = {isa = PBXBuildFile; fileRef = 1DB2107A1D04ADE80092E721 /* IMatchCondition.cpp */; };
		1DB210801D04BDCF0092E721 /* ReferenceCountedObject.cpp in Sources */ = {isa = PBXBuildFile; fileRef = 1DB2107E1D04BDCF0092E721 /* ReferenceCountedObject.cpp */; };
		1DB210841D04CAD00092E721 /* MatchConditionFunctionPointer.cpp in Sources */ = {isa = PBXBuildFile; fileRef = 1DB210821D04CAD00092E721 /* MatchConditionFunctionPointer.cpp */; };
		1DB210871D04CE440092E721 /* MatchConditionAnd.cpp in Sources */ = {isa = PBXBuildFile; fileRef = 1DB210851D04CE440092E721 /* MatchConditionAnd.cpp */; };
		1DB2108A1D04CE560092E721 /* MatchConditionOr.cpp in Sources */ = {isa = PBXBuildFile; fileRef = 1DB210881D04CE560092E721 /* MatchConditionOr.cpp */; };
		1DB2108D1D04CE6A0092E721 /* MatchConditionNot.cpp in Sources */ = {isa = PBXBuildFile; fileRef = 1DB2108B1D04CE6A0092E721 /* MatchConditionNot.cpp */; };
/* End PBXBuildFile section */

/* Begin PBXCopyFilesBuildPhase section */
		1D3A5E201CFA114E006CB2FB /* CopyFiles */ = {
			isa = PBXCopyFilesBuildPhase;
			buildActionMask = 2147483647;
			dstPath = /usr/share/man/man1/;
			dstSubfolderSpec = 0;
			files = (
			);
			runOnlyForDeploymentPostprocessing = 1;
		};
/* End PBXCopyFilesBuildPhase section */

/* Begin PBXFileReference section */
		1D16EDE21CFB3ADB0005034D /* Vector2dTemplate.cpp */ = {isa = PBXFileReference; fileEncoding = 4; lastKnownFileType = sourcecode.cpp.cpp; name = Vector2dTemplate.cpp; path = ../../../kettle/math/Vector2dTemplate.cpp; sourceTree = "<group>"; };
		1D16EDE31CFB3ADB0005034D /* Vector2dTemplate.hpp */ = {isa = PBXFileReference; fileEncoding = 4; lastKnownFileType = sourcecode.cpp.h; name = Vector2dTemplate.hpp; path = ../../../kettle/math/Vector2dTemplate.hpp; sourceTree = "<group>"; };
		1D16EDE51CFB50AE0005034D /* Vector2d.cpp */ = {isa = PBXFileReference; fileEncoding = 4; lastKnownFileType = sourcecode.cpp.cpp; name = Vector2d.cpp; path = ../../../kettle/math/Vector2d.cpp; sourceTree = "<group>"; };
		1D16EDE61CFB50AE0005034D /* Vector2d.hpp */ = {isa = PBXFileReference; fileEncoding = 4; lastKnownFileType = sourcecode.cpp.h; name = Vector2d.hpp; path = ../../../kettle/math/Vector2d.hpp; sourceTree = "<group>"; };
		1D16EDE81CFB5E070005034D /* VectorInt2d.cpp */ = {isa = PBXFileReference; fileEncoding = 4; lastKnownFileType = sourcecode.cpp.cpp; name = VectorInt2d.cpp; path = ../../../kettle/math/VectorInt2d.cpp; sourceTree = "<group>"; };
		1D16EDE91CFB5E070005034D /* VectorInt2d.hpp */ = {isa = PBXFileReference; fileEncoding = 4; lastKnownFileType = sourcecode.cpp.h; name = VectorInt2d.hpp; path = ../../../kettle/math/VectorInt2d.hpp; sourceTree = "<group>"; };
		1D16EDEF1CFC97300005034D /* Vector2dTemplate.inl */ = {isa = PBXFileReference; fileEncoding = 4; lastKnownFileType = text; name = Vector2dTemplate.inl; path = ../../../kettle/math/Vector2dTemplate.inl; sourceTree = "<group>"; };
		1D16EDF01CFC99240005034D /* Vector3dTemplate.cpp */ = {isa = PBXFileReference; fileEncoding = 4; lastKnownFileType = sourcecode.cpp.cpp; name = Vector3dTemplate.cpp; path = ../../../kettle/math/Vector3dTemplate.cpp; sourceTree = "<group>"; };
		1D16EDF11CFC99240005034D /* Vector3dTemplate.hpp */ = {isa = PBXFileReference; fileEncoding = 4; lastKnownFileType = sourcecode.cpp.h; name = Vector3dTemplate.hpp; path = ../../../kettle/math/Vector3dTemplate.hpp; sourceTree = "<group>"; };
		1D16EDF31CFCA7130005034D /* Vector3d.cpp */ = {isa = PBXFileReference; fileEncoding = 4; lastKnownFileType = sourcecode.cpp.cpp; name = Vector3d.cpp; path = ../../../kettle/math/Vector3d.cpp; sourceTree = "<group>"; };
		1D16EDF41CFCA7130005034D /* Vector3d.hpp */ = {isa = PBXFileReference; fileEncoding = 4; lastKnownFileType = sourcecode.cpp.h; name = Vector3d.hpp; path = ../../../kettle/math/Vector3d.hpp; sourceTree = "<group>"; };
		1D16EDF61CFCAABE0005034D /* VectorInt3d.cpp */ = {isa = PBXFileReference; fileEncoding = 4; lastKnownFileType = sourcecode.cpp.cpp; name = VectorInt3d.cpp; path = ../../../kettle/math/VectorInt3d.cpp; sourceTree = "<group>"; };
		1D16EDF71CFCAABE0005034D /* VectorInt3d.hpp */ = {isa = PBXFileReference; fileEncoding = 4; lastKnownFileType = sourcecode.cpp.h; name = VectorInt3d.hpp; path = ../../../kettle/math/VectorInt3d.hpp; sourceTree = "<group>"; };
		1D16EDF91CFCAB890005034D /* Board.cpp */ = {isa = PBXFileReference; fileEncoding = 4; lastKnownFileType = sourcecode.cpp.cpp; name = Board.cpp; path = board/Board.cpp; sourceTree = "<group>"; };
		1D16EDFA1CFCAB890005034D /* Board.hpp */ = {isa = PBXFileReference; fileEncoding = 4; lastKnownFileType = sourcecode.cpp.h; name = Board.hpp; path = board/Board.hpp; sourceTree = "<group>"; };
		1D16EDFC1CFCABA00005034D /* IBoardLayout.cpp */ = {isa = PBXFileReference; fileEncoding = 4; lastKnownFileType = sourcecode.cpp.cpp; name = IBoardLayout.cpp; path = board/IBoardLayout.cpp; sourceTree = "<group>"; };
		1D16EDFD1CFCABA00005034D /* IBoardLayout.hpp */ = {isa = PBXFileReference; fileEncoding = 4; lastKnownFileType = sourcecode.cpp.h; name = IBoardLayout.hpp; path = board/IBoardLayout.hpp; sourceTree = "<group>"; };
		1D16EE031CFCFA790005034D /* CollisionLayer.cpp */ = {isa = PBXFileReference; fileEncoding = 4; lastKnownFileType = sourcecode.cpp.cpp; name = CollisionLayer.cpp; path = pieces/CollisionLayer.cpp; sourceTree = SOURCE_ROOT; };
		1D16EE041CFCFA790005034D /* CollisionLayer.hpp */ = {isa = PBXFileReference; fileEncoding = 4; lastKnownFileType = sourcecode.cpp.h; name = CollisionLayer.hpp; path = pieces/CollisionLayer.hpp; sourceTree = SOURCE_ROOT; };
		1D16EE061CFE3DB20005034D /* RouteSet.cpp */ = {isa = PBXFileReference; fileEncoding = 4; lastKnownFileType = sourcecode.cpp.cpp; name = RouteSet.cpp; path = board/RouteSet.cpp; sourceTree = "<group>"; };
		1D16EE071CFE3DB20005034D /* RouteSet.hpp */ = {isa = PBXFileReference; fileEncoding = 4; lastKnownFileType = sourcecode.cpp.h; name = RouteSet.hpp; path = board/RouteSet.hpp; sourceTree = "<group>"; };
		1D16EE091CFE3F380005034D /* BoardTypes.h */ = {isa = PBXFileReference; lastKnownFileType = sourcecode.c.h; name = BoardTypes.h; path = board/BoardTypes.h; sourceTree = "<group>"; };
		1D16EE0E1CFE7CAD0005034D /* IPlayer.cpp */ = {isa = PBXFileReference; fileEncoding = 4; lastKnownFileType = sourcecode.cpp.cpp; name = IPlayer.cpp; path = players/IPlayer.cpp; sourceTree = SOURCE_ROOT; };
		1D16EE0F1CFE7CAD0005034D /* IPlayer.hpp */ = {isa = PBXFileReference; fileEncoding = 4; lastKnownFileType = sourcecode.cpp.h; name = IPlayer.hpp; path = players/IPlayer.hpp; sourceTree = SOURCE_ROOT; };
		1D16EE111CFE7F5B0005034D /* Vector3dTemplate.inl */ = {isa = PBXFileReference; fileEncoding = 4; lastKnownFileType = text; name = Vector3dTemplate.inl; path = ../../../kettle/math/Vector3dTemplate.inl; sourceTree = "<group>"; };
		1D16EE1B1CFE88000005034D /* StringHash.cpp */ = {isa = PBXFileReference; fileEncoding = 4; lastKnownFileType = sourcecode.cpp.cpp; name = StringHash.cpp; path = ../../../kettle/utils/StringHash.cpp; sourceTree = "<group>"; };
		1D16EE1C1CFE88000005034D /* StringHash.hpp */ = {isa = PBXFileReference; fileEncoding = 4; lastKnownFileType = sourcecode.cpp.h; name = StringHash.hpp; path = ../../../kettle/utils/StringHash.hpp; sourceTree = "<group>"; };
		1D16EE201CFFD9060005034D /* Match.cpp */ = {isa = PBXFileReference; fileEncoding = 4; lastKnownFileType = sourcecode.cpp.cpp; name = Match.cpp; path = rules/Match.cpp; sourceTree = SOURCE_ROOT; };
		1D16EE211CFFD9060005034D /* Match.hpp */ = {isa = PBXFileReference; fileEncoding = 4; lastKnownFileType = sourcecode.cpp.h; name = Match.hpp; path = rules/Match.hpp; sourceTree = SOURCE_ROOT; };
		1D16EE231CFFEF9B0005034D /* MatchContext.cpp */ = {isa = PBXFileReference; fileEncoding = 4; lastKnownFileType = sourcecode.cpp.cpp; name = MatchContext.cpp; path = rules/MatchContext.cpp; sourceTree = SOURCE_ROOT; };
		1D16EE241CFFEF9B0005034D /* MatchContext.hpp */ = {isa = PBXFileReference; fileEncoding = 4; lastKnownFileType = sourcecode.cpp.h; name = MatchContext.hpp; path = rules/MatchContext.hpp; sourceTree = SOURCE_ROOT; };
		1D16EE261D0091BF0005034D /* MatchContext.inl */ = {isa = PBXFileReference; fileEncoding = 4; lastKnownFileType = text; name = MatchContext.inl; path = rules/MatchContext.inl; sourceTree = SOURCE_ROOT; };
		1D16EE2D1D012B8B0005034D /* UserInfo.cpp */ = {isa = PBXFileReference; fileEncoding = 4; lastKnownFileType = sourcecode.cpp.cpp; name = UserInfo.cpp; path = ../../../kettle/utils/UserInfo.cpp; sourceTree = "<group>"; };
		1D16EE2E1D012B8B0005034D /* UserInfo.hpp */ = {isa = PBXFileReference; fileEncoding = 4; lastKnownFileType = sourcecode.cpp.h; name = UserInfo.hpp; path = ../../../kettle/utils/UserInfo.hpp; sourceTree = "<group>"; };
		1D16EE301D013DEA0005034D /* Messaging.cpp */ = {isa = PBXFileReference; fileEncoding = 4; lastKnownFileType = sourcecode.cpp.cpp; name = Messaging.cpp; path = ../../../kettle/utils/Messaging.cpp; sourceTree = "<group>"; };
		1D16EE311D013DEA0005034D /* Messaging.hpp */ = {isa = PBXFileReference; fileEncoding = 4; lastKnownFileType = sourcecode.cpp.h; name = Messaging.hpp; path = ../../../kettle/utils/Messaging.hpp; sourceTree = "<group>"; };
		1D16EE381D0235DB0005034D /* RuleTypes.h */ = {isa = PBXFileReference; lastKnownFileType = sourcecode.c.h; name = RuleTypes.h; path = rules/RuleTypes.h; sourceTree = SOURCE_ROOT; };
		1D16EE391D0278770005034D /* Operations.cpp */ = {isa = PBXFileReference; fileEncoding = 4; lastKnownFileType = sourcecode.cpp.cpp; name = Operations.cpp; path = ../../../kettle/math/Operations.cpp; sourceTree = "<group>"; };
		1D16EE3A1D0278770005034D /* Operations.hpp */ = {isa = PBXFileReference; fileEncoding = 4; lastKnownFileType = sourcecode.cpp.h; name = Operations.hpp; path = ../../../kettle/math/Operations.hpp; sourceTree = "<group>"; };
		1D16EE3D1D02839E0005034D /* TestMatch.cpp */ = {isa = PBXFileReference; fileEncoding = 4; lastKnownFileType = sourcecode.cpp.cpp; name = TestMatch.cpp; path = tests/TestMatch.cpp; sourceTree = "<group>"; };
		1D16EE3E1D02839E0005034D /* TestMatch.hpp */ = {isa = PBXFileReference; fileEncoding = 4; lastKnownFileType = sourcecode.cpp.h; name = TestMatch.hpp; path = tests/TestMatch.hpp; sourceTree = "<group>"; };
		1D3A5E221CFA114E006CB2FB /* Plazma Lights Off */ = {isa = PBXFileReference; explicitFileType = "compiled.mach-o.executable"; includeInIndex = 0; path = "Plazma Lights Off"; sourceTree = BUILT_PRODUCTS_DIR; };
		1D3A5E251CFA114E006CB2FB /* main.cpp */ = {isa = PBXFileReference; lastKnownFileType = sourcecode.cpp.cpp; path = main.cpp; sourceTree = "<group>"; };
		1D3A5E2F1CFA1350006CB2FB /* IBoard.cpp */ = {isa = PBXFileReference; fileEncoding = 4; lastKnownFileType = sourcecode.cpp.cpp; name = IBoard.cpp; path = board/IBoard.cpp; sourceTree = "<group>"; };
		1D3A5E301CFA1350006CB2FB /* IBoard.hpp */ = {isa = PBXFileReference; fileEncoding = 4; lastKnownFileType = sourcecode.cpp.h; name = IBoard.hpp; path = board/IBoard.hpp; sourceTree = "<group>"; };
		1D3A5E321CFA156F006CB2FB /* IPiece.cpp */ = {isa = PBXFileReference; fileEncoding = 4; lastKnownFileType = sourcecode.cpp.cpp; name = IPiece.cpp; path = pieces/IPiece.cpp; sourceTree = SOURCE_ROOT; };
		1D3A5E331CFA156F006CB2FB /* IPiece.hpp */ = {isa = PBXFileReference; fileEncoding = 4; lastKnownFileType = sourcecode.cpp.h; name = IPiece.hpp; path = pieces/IPiece.hpp; sourceTree = SOURCE_ROOT; };
		1DB210681D036BC80092E721 /* IPhaseRules.cpp */ = {isa = PBXFileReference; fileEncoding = 4; lastKnownFileType = sourcecode.cpp.cpp; name = IPhaseRules.cpp; path = rules/IPhaseRules.cpp; sourceTree = SOURCE_ROOT; };
		1DB210691D036BC80092E721 /* IPhaseRules.hpp */ = {isa = PBXFileReference; fileEncoding = 4; lastKnownFileType = sourcecode.cpp.h; name = IPhaseRules.hpp; path = rules/IPhaseRules.hpp; sourceTree = SOURCE_ROOT; };
		1DB2106B1D049CC20092E721 /* PhaseRulesByFunctionPointers.cpp */ = {isa = PBXFileReference; fileEncoding = 4; lastKnownFileType = sourcecode.cpp.cpp; name = PhaseRulesByFunctionPointers.cpp; path = rules/PhaseRulesByFunctionPointers.cpp; sourceTree = SOURCE_ROOT; };
		1DB2106C1D049CC20092E721 /* PhaseRulesByFunctionPointers.hpp */ = {isa = PBXFileReference; fileEncoding = 4; lastKnownFileType = sourcecode.cpp.h; name = PhaseRulesByFunctionPointers.hpp; path = rules/PhaseRulesByFunctionPointers.hpp; sourceTree = SOURCE_ROOT; };
		1DB210771D04AB790092E721 /* MatchConditionBuilder.cpp */ = {isa = PBXFileReference; fileEncoding = 4; lastKnownFileType = sourcecode.cpp.cpp; name = MatchConditionBuilder.cpp; path = rules/MatchConditionBuilder.cpp; sourceTree = SOURCE_ROOT; };
		1DB210781D04AB790092E721 /* MatchConditionBuilder.hpp */ = {isa = PBXFileReference; fileEncoding = 4; lastKnownFileType = sourcecode.cpp.h; name = MatchConditionBuilder.hpp; path = rules/MatchConditionBuilder.hpp; sourceTree = SOURCE_ROOT; };
		1DB2107A1D04ADE80092E721 /* IMatchCondition.cpp */ = {isa = PBXFileReference; fileEncoding = 4; lastKnownFileType = sourcecode.cpp.cpp; name = IMatchCondition.cpp; path = rules/IMatchCondition.cpp; sourceTree = SOURCE_ROOT; };
		1DB2107B1D04ADE80092E721 /* IMatchCondition.hpp */ = {isa = PBXFileReference; fileEncoding = 4; lastKnownFileType = sourcecode.cpp.h; name = IMatchCondition.hpp; path = rules/IMatchCondition.hpp; sourceTree = SOURCE_ROOT; };
		1DB2107D1D04B4B60092E721 /* MatchConditionBuilder.inl */ = {isa = PBXFileReference; fileEncoding = 4; lastKnownFileType = text; name = MatchConditionBuilder.inl; path = rules/MatchConditionBuilder.inl; sourceTree = SOURCE_ROOT; };
		1DB2107E1D04BDCF0092E721 /* ReferenceCountedObject.cpp */ = {isa = PBXFileReference; fileEncoding = 4; lastKnownFileType = sourcecode.cpp.cpp; name = ReferenceCountedObject.cpp; path = ../../../kettle/utils/ReferenceCountedObject.cpp; sourceTree = "<group>"; };
		1DB2107F1D04BDCF0092E721 /* ReferenceCountedObject.hpp */ = {isa = PBXFileReference; fileEncoding = 4; lastKnownFileType = sourcecode.cpp.h; name = ReferenceCountedObject.hpp; path = ../../../kettle/utils/ReferenceCountedObject.hpp; sourceTree = "<group>"; };
		1DB210821D04CAD00092E721 /* MatchConditionFunctionPointer.cpp */ = {isa = PBXFileReference; fileEncoding = 4; lastKnownFileType = sourcecode.cpp.cpp; name = MatchConditionFunctionPointer.cpp; path = rules/MatchConditionFunctionPointer.cpp; sourceTree = SOURCE_ROOT; };
		1DB210831D04CAD00092E721 /* MatchConditionFunctionPointer.hpp */ = {isa = PBXFileReference; fileEncoding = 4; lastKnownFileType = sourcecode.cpp.h; name = MatchConditionFunctionPointer.hpp; path = rules/MatchConditionFunctionPointer.hpp; sourceTree = SOURCE_ROOT; };
		1DB210851D04CE440092E721 /* MatchConditionAnd.cpp */ = {isa = PBXFileReference; fileEncoding = 4; lastKnownFileType = sourcecode.cpp.cpp; name = MatchConditionAnd.cpp; path = rules/MatchConditionAnd.cpp; sourceTree = SOURCE_ROOT; };
		1DB210861D04CE440092E721 /* MatchConditionAnd.hpp */ = {isa = PBXFileReference; fileEncoding = 4; lastKnownFileType = sourcecode.cpp.h; name = MatchConditionAnd.hpp; path = rules/MatchConditionAnd.hpp; sourceTree = SOURCE_ROOT; };
		1DB210881D04CE560092E721 /* MatchConditionOr.cpp */ = {isa = PBXFileReference; fileEncoding = 4; lastKnownFileType = sourcecode.cpp.cpp; name = MatchConditionOr.cpp; path = rules/MatchConditionOr.cpp; sourceTree = SOURCE_ROOT; };
		1DB210891D04CE560092E721 /* MatchConditionOr.hpp */ = {isa = PBXFileReference; fileEncoding = 4; lastKnownFileType = sourcecode.cpp.h; name = MatchConditionOr.hpp; path = rules/MatchConditionOr.hpp; sourceTree = SOURCE_ROOT; };
		1DB2108B1D04CE6A0092E721 /* MatchConditionNot.cpp */ = {isa = PBXFileReference; fileEncoding = 4; lastKnownFileType = sourcecode.cpp.cpp; name = MatchConditionNot.cpp; path = rules/MatchConditionNot.cpp; sourceTree = SOURCE_ROOT; };
		1DB2108C1D04CE6A0092E721 /* MatchConditionNot.hpp */ = {isa = PBXFileReference; fileEncoding = 4; lastKnownFileType = sourcecode.cpp.h; name = MatchConditionNot.hpp; path = rules/MatchConditionNot.hpp; sourceTree = SOURCE_ROOT; };
/* End PBXFileReference section */

/* Begin PBXFrameworksBuildPhase section */
		1D3A5E1F1CFA114E006CB2FB /* Frameworks */ = {
			isa = PBXFrameworksBuildPhase;
			buildActionMask = 2147483647;
			files = (
			);
			runOnlyForDeploymentPostprocessing = 0;
		};
/* End PBXFrameworksBuildPhase section */

/* Begin PBXGroup section */
		1D16EDDC1CFA439C0005034D /* kettle */ = {
			isa = PBXGroup;
			children = (
				1D16EE121CFE84410005034D /* utils */,
				1D16EDDE1CFA43CA0005034D /* math */,
			);
			name = kettle;
			sourceTree = "<group>";
		};
		1D16EDDD1CFA43AF0005034D /* game */ = {
			isa = PBXGroup;
			children = (
				1D16EE1F1CFFD8EE0005034D /* rules */,
				1D3A5E2C1CFA12AD006CB2FB /* board */,
				1D3A5E2D1CFA12E2006CB2FB /* pieces */,
				1D3A5E2E1CFA12F2006CB2FB /* players */,
			);
			name = game;
			sourceTree = "<group>";
		};
		1D16EDDE1CFA43CA0005034D /* math */ = {
			isa = PBXGroup;
			children = (
				1D16EDE51CFB50AE0005034D /* Vector2d.cpp */,
				1D16EDE61CFB50AE0005034D /* Vector2d.hpp */,
				1D16EDF31CFCA7130005034D /* Vector3d.cpp */,
				1D16EDF41CFCA7130005034D /* Vector3d.hpp */,
				1D16EDE81CFB5E070005034D /* VectorInt2d.cpp */,
				1D16EDE91CFB5E070005034D /* VectorInt2d.hpp */,
				1D16EDF61CFCAABE0005034D /* VectorInt3d.cpp */,
				1D16EDF71CFCAABE0005034D /* VectorInt3d.hpp */,
				1D16EDE21CFB3ADB0005034D /* Vector2dTemplate.cpp */,
				1D16EDE31CFB3ADB0005034D /* Vector2dTemplate.hpp */,
				1D16EDEF1CFC97300005034D /* Vector2dTemplate.inl */,
				1D16EDF01CFC99240005034D /* Vector3dTemplate.cpp */,
				1D16EDF11CFC99240005034D /* Vector3dTemplate.hpp */,
				1D16EE111CFE7F5B0005034D /* Vector3dTemplate.inl */,
				1D16EE391D0278770005034D /* Operations.cpp */,
				1D16EE3A1D0278770005034D /* Operations.hpp */,
			);
			name = math;
			sourceTree = "<group>";
		};
		1D16EE121CFE84410005034D /* utils */ = {
			isa = PBXGroup;
			children = (
				1D16EE1B1CFE88000005034D /* StringHash.cpp */,
				1D16EE1C1CFE88000005034D /* StringHash.hpp */,
				1D16EE2D1D012B8B0005034D /* UserInfo.cpp */,
				1D16EE2E1D012B8B0005034D /* UserInfo.hpp */,
				1D16EE301D013DEA0005034D /* Messaging.cpp */,
				1D16EE311D013DEA0005034D /* Messaging.hpp */,
				1DB2107E1D04BDCF0092E721 /* ReferenceCountedObject.cpp */,
				1DB2107F1D04BDCF0092E721 /* ReferenceCountedObject.hpp */,
			);
			name = utils;
			sourceTree = "<group>";
		};
		1D16EE1F1CFFD8EE0005034D /* rules */ = {
			isa = PBXGroup;
			children = (
				1DB210811D04C9930092E721 /* conditions */,
				1D16EE201CFFD9060005034D /* Match.cpp */,
				1D16EE211CFFD9060005034D /* Match.hpp */,
				1D16EE231CFFEF9B0005034D /* MatchContext.cpp */,
				1D16EE241CFFEF9B0005034D /* MatchContext.hpp */,
				1D16EE261D0091BF0005034D /* MatchContext.inl */,
				1D16EE381D0235DB0005034D /* RuleTypes.h */,
				1DB210681D036BC80092E721 /* IPhaseRules.cpp */,
				1DB210691D036BC80092E721 /* IPhaseRules.hpp */,
				1DB2106B1D049CC20092E721 /* PhaseRulesByFunctionPointers.cpp */,
				1DB2106C1D049CC20092E721 /* PhaseRulesByFunctionPointers.hpp */,
			);
			name = rules;
			sourceTree = "<group>";
		};
		1D16EE3C1D0283450005034D /* tests */ = {
			isa = PBXGroup;
			children = (
				1D16EE3D1D02839E0005034D /* TestMatch.cpp */,
				1D16EE3E1D02839E0005034D /* TestMatch.hpp */,
			);
			name = tests;
			sourceTree = "<group>";
		};
		1D3A5E191CFA114E006CB2FB = {
			isa = PBXGroup;
			children = (
				1D3A5E231CFA114E006CB2FB /* Products */,
				1D3A5E241CFA114E006CB2FB /* Plazma Lights Off */,
			);
			sourceTree = "<group>";
		};
		1D3A5E231CFA114E006CB2FB /* Products */ = {
			isa = PBXGroup;
			children = (
				1D3A5E221CFA114E006CB2FB /* Plazma Lights Off */,
			);
			name = Products;
			sourceTree = "<group>";
		};
		1D3A5E241CFA114E006CB2FB /* Plazma Lights Off */ = {
			isa = PBXGroup;
			children = (
				1D3A5E251CFA114E006CB2FB /* main.cpp */,
				1D16EDDC1CFA439C0005034D /* kettle */,
				1D16EDDD1CFA43AF0005034D /* game */,
				1D16EE3C1D0283450005034D /* tests */,
			);
			path = "Plazma Lights Off";
			sourceTree = "<group>";
		};
		1D3A5E2C1CFA12AD006CB2FB /* board */ = {
			isa = PBXGroup;
			children = (
				1D3A5E2F1CFA1350006CB2FB /* IBoard.cpp */,
				1D3A5E301CFA1350006CB2FB /* IBoard.hpp */,
				1D16EE061CFE3DB20005034D /* RouteSet.cpp */,
				1D16EE071CFE3DB20005034D /* RouteSet.hpp */,
				1D16EDF91CFCAB890005034D /* Board.cpp */,
				1D16EDFA1CFCAB890005034D /* Board.hpp */,
				1D16EDFC1CFCABA00005034D /* IBoardLayout.cpp */,
				1D16EDFD1CFCABA00005034D /* IBoardLayout.hpp */,
				1D16EE091CFE3F380005034D /* BoardTypes.h */,
			);
			name = board;
			path = ..;
			sourceTree = "<group>";
		};
		1D3A5E2D1CFA12E2006CB2FB /* pieces */ = {
			isa = PBXGroup;
			children = (
				1D3A5E321CFA156F006CB2FB /* IPiece.cpp */,
				1D3A5E331CFA156F006CB2FB /* IPiece.hpp */,
				1D16EE031CFCFA790005034D /* CollisionLayer.cpp */,
				1D16EE041CFCFA790005034D /* CollisionLayer.hpp */,
			);
			name = pieces;
			sourceTree = "<group>";
		};
		1D3A5E2E1CFA12F2006CB2FB /* players */ = {
			isa = PBXGroup;
			children = (
				1D16EE0E1CFE7CAD0005034D /* IPlayer.cpp */,
				1D16EE0F1CFE7CAD0005034D /* IPlayer.hpp */,
			);
			name = players;
			sourceTree = "<group>";
		};
		1DB210811D04C9930092E721 /* conditions */ = {
			isa = PBXGroup;
			children = (
				1DB2107A1D04ADE80092E721 /* IMatchCondition.cpp */,
				1DB2107B1D04ADE80092E721 /* IMatchCondition.hpp */,
				1DB210771D04AB790092E721 /* MatchConditionBuilder.cpp */,
				1DB210781D04AB790092E721 /* MatchConditionBuilder.hpp */,
				1DB2107D1D04B4B60092E721 /* MatchConditionBuilder.inl */,
				1DB210821D04CAD00092E721 /* MatchConditionFunctionPointer.cpp */,
				1DB210831D04CAD00092E721 /* MatchConditionFunctionPointer.hpp */,
				1DB210851D04CE440092E721 /* MatchConditionAnd.cpp */,
				1DB210861D04CE440092E721 /* MatchConditionAnd.hpp */,
				1DB210881D04CE560092E721 /* MatchConditionOr.cpp */,
				1DB210891D04CE560092E721 /* MatchConditionOr.hpp */,
				1DB2108B1D04CE6A0092E721 /* MatchConditionNot.cpp */,
				1DB2108C1D04CE6A0092E721 /* MatchConditionNot.hpp */,
			);
			name = conditions;
			sourceTree = "<group>";
		};
/* End PBXGroup section */

/* Begin PBXNativeTarget section */
		1D3A5E211CFA114E006CB2FB /* Plazma Lights Off */ = {
			isa = PBXNativeTarget;
			buildConfigurationList = 1D3A5E291CFA114E006CB2FB /* Build configuration list for PBXNativeTarget "Plazma Lights Off" */;
			buildPhases = (
				1D3A5E1E1CFA114E006CB2FB /* Sources */,
				1D3A5E1F1CFA114E006CB2FB /* Frameworks */,
				1D3A5E201CFA114E006CB2FB /* CopyFiles */,
			);
			buildRules = (
			);
			dependencies = (
			);
			name = "Plazma Lights Off";
			productName = "Plazma Lights Off";
			productReference = 1D3A5E221CFA114E006CB2FB /* Plazma Lights Off */;
			productType = "com.apple.product-type.tool";
		};
/* End PBXNativeTarget section */

/* Begin PBXProject section */
		1D3A5E1A1CFA114E006CB2FB /* Project object */ = {
			isa = PBXProject;
			attributes = {
				LastUpgradeCheck = 0730;
				ORGANIZATIONNAME = "Derek Higgs";
				TargetAttributes = {
					1D3A5E211CFA114E006CB2FB = {
						CreatedOnToolsVersion = 7.3.1;
					};
				};
			};
			buildConfigurationList = 1D3A5E1D1CFA114E006CB2FB /* Build configuration list for PBXProject "Plazma Lights Off" */;
			compatibilityVersion = "Xcode 3.2";
			developmentRegion = English;
			hasScannedForEncodings = 0;
			knownRegions = (
				en,
			);
			mainGroup = 1D3A5E191CFA114E006CB2FB;
			productRefGroup = 1D3A5E231CFA114E006CB2FB /* Products */;
			projectDirPath = "";
			projectRoot = "";
			targets = (
				1D3A5E211CFA114E006CB2FB /* Plazma Lights Off */,
			);
		};
/* End PBXProject section */

/* Begin PBXSourcesBuildPhase section */
		1D3A5E1E1CFA114E006CB2FB /* Sources */ = {
			isa = PBXSourcesBuildPhase;
			buildActionMask = 2147483647;
			files = (
				1D16EE2F1D012B8B0005034D /* UserInfo.cpp in Sources */,
				1D16EE3B1D0278770005034D /* Operations.cpp in Sources */,
				1D16EE051CFCFA790005034D /* CollisionLayer.cpp in Sources */,
				1DB210841D04CAD00092E721 /* MatchConditionFunctionPointer.cpp in Sources */,
				1D16EDF81CFCAABE0005034D /* VectorInt3d.cpp in Sources */,
				1DB210791D04AB790092E721 /* MatchConditionBuilder.cpp in Sources */,
				1D16EE251CFFEF9B0005034D /* MatchContext.cpp in Sources */,
				1D16EDEA1CFB5E070005034D /* VectorInt2d.cpp in Sources */,
				1D16EDF21CFC99240005034D /* Vector3dTemplate.cpp in Sources */,
				1DB210871D04CE440092E721 /* MatchConditionAnd.cpp in Sources */,
				1D3A5E311CFA1350006CB2FB /* IBoard.cpp in Sources */,
				1D16EE321D013DEA0005034D /* Messaging.cpp in Sources */,
				1D16EE221CFFD9060005034D /* Match.cpp in Sources */,
				1DB2108A1D04CE560092E721 /* MatchConditionOr.cpp in Sources */,
				1D3A5E341CFA156F006CB2FB /* IPiece.cpp in Sources */,
				1D16EDFE1CFCABA00005034D /* IBoardLayout.cpp in Sources */,
				1D16EE081CFE3DB20005034D /* RouteSet.cpp in Sources */,
				1DB2108D1D04CE6A0092E721 /* MatchConditionNot.cpp in Sources */,
				1DB2106A1D036BC80092E721 /* IPhaseRules.cpp in Sources */,
				1D16EE1E1CFE88000005034D /* StringHash.cpp in Sources */,
				1D16EDE41CFB3ADB0005034D /* Vector2dTemplate.cpp in Sources */,
				1D16EDE71CFB50AE0005034D /* Vector2d.cpp in Sources */,
				1DB2107C1D04ADE80092E721 /* IMatchCondition.cpp in Sources */,
				1D16EE3F1D02839E0005034D /* TestMatch.cpp in Sources */,
				1D3A5E261CFA114E006CB2FB /* main.cpp in Sources */,
				1DB2106D1D049CC20092E721 /* PhaseRulesByFunctionPointers.cpp in Sources */,
				1D16EDFB1CFCAB890005034D /* Board.cpp in Sources */,
				1D16EDF51CFCA7130005034D /* Vector3d.cpp in Sources */,
				1D16EE101CFE7CAD0005034D /* IPlayer.cpp in Sources */,
				1DB210801D04BDCF0092E721 /* ReferenceCountedObject.cpp in Sources */,
			);
			runOnlyForDeploymentPostprocessing = 0;
		};
/* End PBXSourcesBuildPhase section */

/* Begin XCBuildConfiguration section */
		1D3A5E271CFA114E006CB2FB /* Debug */ = {
			isa = XCBuildConfiguration;
			buildSettings = {
				ALWAYS_SEARCH_USER_PATHS = NO;
				CLANG_ANALYZER_NONNULL = YES;
				CLANG_CXX_LANGUAGE_STANDARD = "gnu++0x";
				CLANG_CXX_LIBRARY = "libc++";
				CLANG_ENABLE_MODULES = YES;
				CLANG_ENABLE_OBJC_ARC = YES;
				CLANG_WARN_BOOL_CONVERSION = YES;
				CLANG_WARN_CONSTANT_CONVERSION = YES;
				CLANG_WARN_DIRECT_OBJC_ISA_USAGE = YES_ERROR;
				CLANG_WARN_EMPTY_BODY = YES;
				CLANG_WARN_ENUM_CONVERSION = YES;
				CLANG_WARN_INT_CONVERSION = YES;
				CLANG_WARN_OBJC_ROOT_CLASS = YES_ERROR;
				CLANG_WARN_UNREACHABLE_CODE = YES;
				CLANG_WARN__DUPLICATE_METHOD_MATCH = YES;
				CODE_SIGN_IDENTITY = "-";
				COPY_PHASE_STRIP = NO;
				DEBUG_INFORMATION_FORMAT = dwarf;
				ENABLE_STRICT_OBJC_MSGSEND = YES;
				ENABLE_TESTABILITY = YES;
				GCC_C_LANGUAGE_STANDARD = gnu99;
				GCC_DYNAMIC_NO_PIC = NO;
				GCC_NO_COMMON_BLOCKS = YES;
				GCC_OPTIMIZATION_LEVEL = 0;
				GCC_PREPROCESSOR_DEFINITIONS = (
					"DEBUG=1",
					"$(inherited)",
				);
				GCC_WARN_64_TO_32_BIT_CONVERSION = YES;
				GCC_WARN_ABOUT_RETURN_TYPE = YES_ERROR;
				GCC_WARN_UNDECLARED_SELECTOR = YES;
				GCC_WARN_UNINITIALIZED_AUTOS = YES_AGGRESSIVE;
				GCC_WARN_UNUSED_FUNCTION = YES;
				GCC_WARN_UNUSED_VARIABLE = YES;
				MACOSX_DEPLOYMENT_TARGET = 10.11;
				MTL_ENABLE_DEBUG_INFO = YES;
				ONLY_ACTIVE_ARCH = YES;
				SDKROOT = macosx;
			};
			name = Debug;
		};
		1D3A5E281CFA114E006CB2FB /* Release */ = {
			isa = XCBuildConfiguration;
			buildSettings = {
				ALWAYS_SEARCH_USER_PATHS = NO;
				CLANG_ANALYZER_NONNULL = YES;
				CLANG_CXX_LANGUAGE_STANDARD = "gnu++0x";
				CLANG_CXX_LIBRARY = "libc++";
				CLANG_ENABLE_MODULES = YES;
				CLANG_ENABLE_OBJC_ARC = YES;
				CLANG_WARN_BOOL_CONVERSION = YES;
				CLANG_WARN_CONSTANT_CONVERSION = YES;
				CLANG_WARN_DIRECT_OBJC_ISA_USAGE = YES_ERROR;
				CLANG_WARN_EMPTY_BODY = YES;
				CLANG_WARN_ENUM_CONVERSION = YES;
				CLANG_WARN_INT_CONVERSION = YES;
				CLANG_WARN_OBJC_ROOT_CLASS = YES_ERROR;
				CLANG_WARN_UNREACHABLE_CODE = YES;
				CLANG_WARN__DUPLICATE_METHOD_MATCH = YES;
				CODE_SIGN_IDENTITY = "-";
				COPY_PHASE_STRIP = NO;
				DEBUG_INFORMATION_FORMAT = "dwarf-with-dsym";
				ENABLE_NS_ASSERTIONS = NO;
				ENABLE_STRICT_OBJC_MSGSEND = YES;
				GCC_C_LANGUAGE_STANDARD = gnu99;
				GCC_NO_COMMON_BLOCKS = YES;
				GCC_WARN_64_TO_32_BIT_CONVERSION = YES;
				GCC_WARN_ABOUT_RETURN_TYPE = YES_ERROR;
				GCC_WARN_UNDECLARED_SELECTOR = YES;
				GCC_WARN_UNINITIALIZED_AUTOS = YES_AGGRESSIVE;
				GCC_WARN_UNUSED_FUNCTION = YES;
				GCC_WARN_UNUSED_VARIABLE = YES;
				MACOSX_DEPLOYMENT_TARGET = 10.11;
				MTL_ENABLE_DEBUG_INFO = NO;
				SDKROOT = macosx;
			};
			name = Release;
		};
		1D3A5E2A1CFA114E006CB2FB /* Debug */ = {
			isa = XCBuildConfiguration;
			buildSettings = {
				PRODUCT_NAME = "$(TARGET_NAME)";
			};
			name = Debug;
		};
		1D3A5E2B1CFA114E006CB2FB /* Release */ = {
			isa = XCBuildConfiguration;
			buildSettings = {
				PRODUCT_NAME = "$(TARGET_NAME)";
			};
			name = Release;
		};
/* End XCBuildConfiguration section */

/* Begin XCConfigurationList section */
		1D3A5E1D1CFA114E006CB2FB /* Build configuration list for PBXProject "Plazma Lights Off" */ = {
			isa = XCConfigurationList;
			buildConfigurations = (
				1D3A5E271CFA114E006CB2FB /* Debug */,
				1D3A5E281CFA114E006CB2FB /* Release */,
			);
			defaultConfigurationIsVisible = 0;
			defaultConfigurationName = Release;
		};
		1D3A5E291CFA114E006CB2FB /* Build configuration list for PBXNativeTarget "Plazma Lights Off" */ = {
			isa = XCConfigurationList;
			buildConfigurations = (
				1D3A5E2A1CFA114E006CB2FB /* Debug */,
				1D3A5E2B1CFA114E006CB2FB /* Release */,
			);
			defaultConfigurationIsVisible = 0;
			defaultConfigurationName = Release;
		};
/* End XCConfigurationList section */
	};
	rootObject = 1D3A5E1A1CFA114E006CB2FB /* Project object */;
}
